
Microsoft Visual Studio Solution File, Format Version 12.00
# Visual Studio Version 17
VisualStudioVersion = 17.11.35327.3
MinimumVisualStudioVersion = 10.0.40219.1
Project("{FAE04EC0-301F-11D3-BF4B-00C04F79EFBC}") = "SinamaOtamasyonu", "SinamaOtamasyonu.csproj", "{EA35CDD4-966D-4915-8D42-D01089721F49}"
EndProject
Global
	GlobalSection(SolutionConfigurationPlatforms) = preSolution
		Debug|Any CPU = Debug|Any CPU
		Release|Any CPU = Release|Any CPU
	EndGlobalSection
	GlobalSection(ProjectConfigurationPlatforms) = postSolution
		{EA35CDD4-966D-4915-8D42-D01089721F49}.Debug|Any CPU.ActiveCfg = Debug|Any CPU
		{EA35CDD4-966D-4915-8D42-D01089721F49}.Debug|Any CPU.Build.0 = Debug|Any CPU
		{EA35CDD4-966D-4915-8D42-D01089721F49}.Release|Any CPU.ActiveCfg = Release|Any CPU
		{EA35CDD4-966D-4915-8D42-D01089721F49}.Release|Any CPU.Build.0 = Release|Any CPU
	EndGlobalSection
	GlobalSection(SolutionProperties) = preSolution
		HideSolutionNode = FALSE
	EndGlobalSection
	GlobalSection(ExtensibilityGlobals) = postSolution
		SolutionGuid = {0B6929FA-EB18-4321-AADB-7BF5F386E533}
	EndGlobalSection
EndGlobal
